
Microsoft Visual Studio Solution File, Format Version 12.00
# Visual Studio Version 17
VisualStudioVersion = 17.9.34616.47
MinimumVisualStudioVersion = 10.0.40219.1
Project("{9A19103F-16F7-4668-BE54-9A1E7A4F7556}") = "wenglor software challange", "wenglor software challange\wenglor software challange.csproj", "{88A94AB4-0BE7-41D4-8DC1-F9510D254714}"
EndProject
Project("{2150E333-8FDC-42A3-9474-1A3956D46DE8}") = "Solution Items", "Solution Items", "{1C35D843-7A04-4EA8-9559-330ACA701C25}"
	ProjectSection(SolutionItems) = preProject
		..\..\..\Downloads\opencv_3rdparty-wechat_qrcode\.gitignore = ..\..\..\Downloads\opencv_3rdparty-wechat_qrcode\.gitignore
		..\..\..\Downloads\opencv_3rdparty-wechat_qrcode\detect.caffemodel = ..\..\..\Downloads\opencv_3rdparty-wechat_qrcode\detect.caffemodel
		..\..\..\Downloads\opencv_3rdparty-wechat_qrcode\detect.prototxt = ..\..\..\Downloads\opencv_3rdparty-wechat_qrcode\detect.prototxt
		..\..\..\Downloads\opencv_3rdparty-wechat_qrcode\LICENSE = ..\..\..\Downloads\opencv_3rdparty-wechat_qrcode\LICENSE
		..\..\..\Downloads\opencv_3rdparty-wechat_qrcode\README.md = ..\..\..\Downloads\opencv_3rdparty-wechat_qrcode\README.md
		..\..\..\Downloads\opencv_3rdparty-wechat_qrcode\sr.caffemodel = ..\..\..\Downloads\opencv_3rdparty-wechat_qrcode\sr.caffemodel
		..\..\..\Downloads\opencv_3rdparty-wechat_qrcode\sr.prototxt = ..\..\..\Downloads\opencv_3rdparty-wechat_qrcode\sr.prototxt
	EndProjectSection
EndProject
Global
	GlobalSection(SolutionConfigurationPlatforms) = preSolution
		Debug|Any CPU = Debug|Any CPU
		Release|Any CPU = Release|Any CPU
	EndGlobalSection
	GlobalSection(ProjectConfigurationPlatforms) = postSolution
		{88A94AB4-0BE7-41D4-8DC1-F9510D254714}.Debug|Any CPU.ActiveCfg = Debug|Any CPU
		{88A94AB4-0BE7-41D4-8DC1-F9510D254714}.Debug|Any CPU.Build.0 = Debug|Any CPU
		{88A94AB4-0BE7-41D4-8DC1-F9510D254714}.Release|Any CPU.ActiveCfg = Release|Any CPU
		{88A94AB4-0BE7-41D4-8DC1-F9510D254714}.Release|Any CPU.Build.0 = Release|Any CPU
	EndGlobalSection
	GlobalSection(SolutionProperties) = preSolution
		HideSolutionNode = FALSE
	EndGlobalSection
	GlobalSection(ExtensibilityGlobals) = postSolution
		SolutionGuid = {E473E5CF-55A5-4DC7-9C06-476405465CA8}
	EndGlobalSection
EndGlobal
